
Microsoft Visual Studio Solution File, Format Version 12.00
# Visual Studio Version 17
VisualStudioVersion = 17.11.35327.3
MinimumVisualStudioVersion = 10.0.40219.1
Project("{FAE04EC0-301F-11D3-BF4B-00C04F79EFBC}") = "ConsoleApp19", "ConsoleApp19.csproj", "{48498200-86B3-46AC-9D09-44629DF0AACF}"
EndProject
Global
	GlobalSection(SolutionConfigurationPlatforms) = preSolution
		Debug|Any CPU = Debug|Any CPU
		Release|Any CPU = Release|Any CPU
	EndGlobalSection
	GlobalSection(ProjectConfigurationPlatforms) = postSolution
		{48498200-86B3-46AC-9D09-44629DF0AACF}.Debug|Any CPU.ActiveCfg = Debug|Any CPU
		{48498200-86B3-46AC-9D09-44629DF0AACF}.Debug|Any CPU.Build.0 = Debug|Any CPU
		{48498200-86B3-46AC-9D09-44629DF0AACF}.Release|Any CPU.ActiveCfg = Release|Any CPU
		{48498200-86B3-46AC-9D09-44629DF0AACF}.Release|Any CPU.Build.0 = Release|Any CPU
	EndGlobalSection
	GlobalSection(SolutionProperties) = preSolution
		HideSolutionNode = FALSE
	EndGlobalSection
	GlobalSection(ExtensibilityGlobals) = postSolution
		SolutionGuid = {337C546D-93CB-47D2-B880-20EAEA9B90CD}
	EndGlobalSection
EndGlobal
